
Microsoft Visual Studio Solution File, Format Version 12.00
Project("{FAE04EC0-301F-11D3-BF4B-00C04F79EFBC}") = "NoSecret.ML.Trainer", "NoSecret.ML.Trainer\NoSecret.ML.Trainer.csproj", "{120567C9-F698-43E0-8B1D-38E2CC957F21}"
EndProject
Global
	GlobalSection(SolutionConfigurationPlatforms) = preSolution
		Debug|Any CPU = Debug|Any CPU
		Release|Any CPU = Release|Any CPU
	EndGlobalSection
	GlobalSection(ProjectConfigurationPlatforms) = postSolution
		{120567C9-F698-43E0-8B1D-38E2CC957F21}.Debug|Any CPU.ActiveCfg = Debug|Any CPU
		{120567C9-F698-43E0-8B1D-38E2CC957F21}.Debug|Any CPU.Build.0 = Debug|Any CPU
		{120567C9-F698-43E0-8B1D-38E2CC957F21}.Release|Any CPU.ActiveCfg = Release|Any CPU
		{120567C9-F698-43E0-8B1D-38E2CC957F21}.Release|Any CPU.Build.0 = Release|Any CPU
	EndGlobalSection
EndGlobal
